// !$*UTF8*$!
{
	archiveVersion = 1;
	classes = {
	};
	objectVersion = 50;
	objects = {

/* Begin PBXBuildFile section */
		CCAA23EF2949C9CB0044B03D /* PhotoDetailViewController.swift in Sources */ = {isa = PBXBuildFile; fileRef = CCAA23EE2949C9CB0044B03D /* PhotoDetailViewController.swift */; };
		CCAA23F52949CD760044B03D /* PhotoDetailModel.swift in Sources */ = {isa = PBXBuildFile; fileRef = CCAA23F42949CD760044B03D /* PhotoDetailModel.swift */; };
		CCAA23FF2949CEC60044B03D /* PhotoDetailInteractor.swift in Sources */ = {isa = PBXBuildFile; fileRef = CCAA23FE2949CEC60044B03D /* PhotoDetailInteractor.swift */; };
		CCAA24042949CECE0044B03D /* PhotoDetailPresenter.swift in Sources */ = {isa = PBXBuildFile; fileRef = CCAA24032949CECE0044B03D /* PhotoDetailPresenter.swift */; };
		CCAA240A2949D5100044B03D /* SearchRouter.swift in Sources */ = {isa = PBXBuildFile; fileRef = CCAA24092949D5100044B03D /* SearchRouter.swift */; };
		CCAC27FB294A336500245F83 /* SearchDataSource.swift in Sources */ = {isa = PBXBuildFile; fileRef = CCAC27FA294A336500245F83 /* SearchDataSource.swift */; };
		CCAC2806294A410F00245F83 /* DataError.swift in Sources */ = {isa = PBXBuildFile; fileRef = CCAC2805294A410F00245F83 /* DataError.swift */; };
		CCAC280B294A5CE800245F83 /* LoadingFooter.swift in Sources */ = {isa = PBXBuildFile; fileRef = CCAC280A294A5CE800245F83 /* LoadingFooter.swift */; };
		CCAFE28D2948633C00ADF66B /* AppDelegate.swift in Sources */ = {isa = PBXBuildFile; fileRef = CCAFE28C2948633C00ADF66B /* AppDelegate.swift */; };
		CCAFE28F2948633C00ADF66B /* SceneDelegate.swift in Sources */ = {isa = PBXBuildFile; fileRef = CCAFE28E2948633C00ADF66B /* SceneDelegate.swift */; };
		CCAFE2912948633C00ADF66B /* SearchViewController.swift in Sources */ = {isa = PBXBuildFile; fileRef = CCAFE2902948633C00ADF66B /* SearchViewController.swift */; };
		CCAFE2962948633D00ADF66B /* Assets.xcassets in Resources */ = {isa = PBXBuildFile; fileRef = CCAFE2952948633D00ADF66B /* Assets.xcassets */; };
		CCAFE2992948633D00ADF66B /* LaunchScreen.storyboard in Resources */ = {isa = PBXBuildFile; fileRef = CCAFE2972948633D00ADF66B /* LaunchScreen.storyboard */; };
		CCAFE2A42948633D00ADF66B /* ImageSearchAppTests.swift in Sources */ = {isa = PBXBuildFile; fileRef = CCAFE2A32948633D00ADF66B /* ImageSearchAppTests.swift */; };
		CCAFE2AF2948633D00ADF66B /* ImageSearchAppUITests.swift in Sources */ = {isa = PBXBuildFile; fileRef = CCAFE2AE2948633D00ADF66B /* ImageSearchAppUITests.swift */; };
		CCAFE2C7294863FF00ADF66B /* Assembly.swift in Sources */ = {isa = PBXBuildFile; fileRef = CCAFE2C6294863FF00ADF66B /* Assembly.swift */; };
		CCAFE2E42948728B00ADF66B /* PlaceholderView.swift in Sources */ = {isa = PBXBuildFile; fileRef = CCAFE2E32948728B00ADF66B /* PlaceholderView.swift */; };
		CCAFE2EE2948A83C00ADF66B /* NetworkService.swift in Sources */ = {isa = PBXBuildFile; fileRef = CCAFE2ED2948A83C00ADF66B /* NetworkService.swift */; };
		CCAFE2F42948C25C00ADF66B /* Models.swift in Sources */ = {isa = PBXBuildFile; fileRef = CCAFE2F32948C25C00ADF66B /* Models.swift */; };
		CCAFE2FA2948C39900ADF66B /* DecodingService.swift in Sources */ = {isa = PBXBuildFile; fileRef = CCAFE2F92948C39900ADF66B /* DecodingService.swift */; };
		CCAFE3032948C45200ADF66B /* FlickrRoute.swift in Sources */ = {isa = PBXBuildFile; fileRef = CCAFE3022948C45200ADF66B /* FlickrRoute.swift */; };
		CCAFE30E2948CEB500ADF66B /* RouteType.swift in Sources */ = {isa = PBXBuildFile; fileRef = CCAFE30D2948CEB500ADF66B /* RouteType.swift */; };
		CCAFE3172948DB4400ADF66B /* NetworkError.swift in Sources */ = {isa = PBXBuildFile; fileRef = CCAFE3162948DB4400ADF66B /* NetworkError.swift */; };
		CCAFE3202948DE8E00ADF66B /* PhotoSize.swift in Sources */ = {isa = PBXBuildFile; fileRef = CCAFE31F2948DE8E00ADF66B /* PhotoSize.swift */; };
		CCAFE32E2948E5BF00ADF66B /* SearchModel.swift in Sources */ = {isa = PBXBuildFile; fileRef = CCAFE32D2948E5BF00ADF66B /* SearchModel.swift */; };
		CCAFE3362948E6C300ADF66B /* SearchInteractor.swift in Sources */ = {isa = PBXBuildFile; fileRef = CCAFE3352948E6C300ADF66B /* SearchInteractor.swift */; };
		CCAFE33B2948E9B700ADF66B /* SearchPresenter.swift in Sources */ = {isa = PBXBuildFile; fileRef = CCAFE33A2948E9B700ADF66B /* SearchPresenter.swift */; };
		CCAFE3422948F8AB00ADF66B /* PhotoCell.swift in Sources */ = {isa = PBXBuildFile; fileRef = CCAFE3412948F8AB00ADF66B /* PhotoCell.swift */; };
		CCAFE34A2949240F00ADF66B /* PhotoModel.swift in Sources */ = {isa = PBXBuildFile; fileRef = CCAFE3492949240F00ADF66B /* PhotoModel.swift */; };
		CCAFE3522949254C00ADF66B /* PhotoInteractor.swift in Sources */ = {isa = PBXBuildFile; fileRef = CCAFE3512949254C00ADF66B /* PhotoInteractor.swift */; };
		CCAFE3572949256300ADF66B /* PhotoPresenter.swift in Sources */ = {isa = PBXBuildFile; fileRef = CCAFE3562949256300ADF66B /* PhotoPresenter.swift */; };
/* End PBXBuildFile section */

/* Begin PBXContainerItemProxy section */
		CCAFE2A02948633D00ADF66B /* PBXContainerItemProxy */ = {
			isa = PBXContainerItemProxy;
			containerPortal = CCAFE2812948633C00ADF66B /* Project object */;
			proxyType = 1;
			remoteGlobalIDString = CCAFE2882948633C00ADF66B;
			remoteInfo = ImageSearchApp;
		};
		CCAFE2AB2948633D00ADF66B /* PBXContainerItemProxy */ = {
			isa = PBXContainerItemProxy;
			containerPortal = CCAFE2812948633C00ADF66B /* Project object */;
			proxyType = 1;
			remoteGlobalIDString = CCAFE2882948633C00ADF66B;
			remoteInfo = ImageSearchApp;
		};
/* End PBXContainerItemProxy section */

/* Begin PBXFileReference section */
		CCAA23EE2949C9CB0044B03D /* PhotoDetailViewController.swift */ = {isa = PBXFileReference; lastKnownFileType = sourcecode.swift; path = PhotoDetailViewController.swift; sourceTree = "<group>"; };
		CCAA23F42949CD760044B03D /* PhotoDetailModel.swift */ = {isa = PBXFileReference; lastKnownFileType = sourcecode.swift; path = PhotoDetailModel.swift; sourceTree = "<group>"; };
		CCAA23FE2949CEC60044B03D /* PhotoDetailInteractor.swift */ = {isa = PBXFileReference; lastKnownFileType = sourcecode.swift; path = PhotoDetailInteractor.swift; sourceTree = "<group>"; };
		CCAA24032949CECE0044B03D /* PhotoDetailPresenter.swift */ = {isa = PBXFileReference; lastKnownFileType = sourcecode.swift; path = PhotoDetailPresenter.swift; sourceTree = "<group>"; };
		CCAA24092949D5100044B03D /* SearchRouter.swift */ = {isa = PBXFileReference; lastKnownFileType = sourcecode.swift; path = SearchRouter.swift; sourceTree = "<group>"; };
		CCAC27FA294A336500245F83 /* SearchDataSource.swift */ = {isa = PBXFileReference; lastKnownFileType = sourcecode.swift; path = SearchDataSource.swift; sourceTree = "<group>"; };
		CCAC2805294A410F00245F83 /* DataError.swift */ = {isa = PBXFileReference; lastKnownFileType = sourcecode.swift; path = DataError.swift; sourceTree = "<group>"; };
		CCAC280A294A5CE800245F83 /* LoadingFooter.swift */ = {isa = PBXFileReference; lastKnownFileType = sourcecode.swift; path = LoadingFooter.swift; sourceTree = "<group>"; };
		CCAFE2892948633C00ADF66B /* ImageSearchApp.app */ = {isa = PBXFileReference; explicitFileType = wrapper.application; includeInIndex = 0; path = ImageSearchApp.app; sourceTree = BUILT_PRODUCTS_DIR; };
		CCAFE28C2948633C00ADF66B /* AppDelegate.swift */ = {isa = PBXFileReference; lastKnownFileType = sourcecode.swift; path = AppDelegate.swift; sourceTree = "<group>"; };
		CCAFE28E2948633C00ADF66B /* SceneDelegate.swift */ = {isa = PBXFileReference; lastKnownFileType = sourcecode.swift; path = SceneDelegate.swift; sourceTree = "<group>"; };
		CCAFE2902948633C00ADF66B /* SearchViewController.swift */ = {isa = PBXFileReference; lastKnownFileType = sourcecode.swift; path = SearchViewController.swift; sourceTree = "<group>"; };
		CCAFE2952948633D00ADF66B /* Assets.xcassets */ = {isa = PBXFileReference; lastKnownFileType = folder.assetcatalog; path = Assets.xcassets; sourceTree = "<group>"; };
		CCAFE2982948633D00ADF66B /* Base */ = {isa = PBXFileReference; lastKnownFileType = file.storyboard; name = Base; path = Base.lproj/LaunchScreen.storyboard; sourceTree = "<group>"; };
		CCAFE29A2948633D00ADF66B /* Info.plist */ = {isa = PBXFileReference; lastKnownFileType = text.plist.xml; path = Info.plist; sourceTree = "<group>"; };
		CCAFE29F2948633D00ADF66B /* ImageSearchAppTests.xctest */ = {isa = PBXFileReference; explicitFileType = wrapper.cfbundle; includeInIndex = 0; path = ImageSearchAppTests.xctest; sourceTree = BUILT_PRODUCTS_DIR; };
		CCAFE2A32948633D00ADF66B /* ImageSearchAppTests.swift */ = {isa = PBXFileReference; lastKnownFileType = sourcecode.swift; path = ImageSearchAppTests.swift; sourceTree = "<group>"; };
		CCAFE2A52948633D00ADF66B /* Info.plist */ = {isa = PBXFileReference; lastKnownFileType = text.plist.xml; path = Info.plist; sourceTree = "<group>"; };
		CCAFE2AA2948633D00ADF66B /* ImageSearchAppUITests.xctest */ = {isa = PBXFileReference; explicitFileType = wrapper.cfbundle; includeInIndex = 0; path = ImageSearchAppUITests.xctest; sourceTree = BUILT_PRODUCTS_DIR; };
		CCAFE2AE2948633D00ADF66B /* ImageSearchAppUITests.swift */ = {isa = PBXFileReference; lastKnownFileType = sourcecode.swift; path = ImageSearchAppUITests.swift; sourceTree = "<group>"; };
		CCAFE2B02948633D00ADF66B /* Info.plist */ = {isa = PBXFileReference; lastKnownFileType = text.plist.xml; path = Info.plist; sourceTree = "<group>"; };
		CCAFE2C6294863FF00ADF66B /* Assembly.swift */ = {isa = PBXFileReference; lastKnownFileType = sourcecode.swift; path = Assembly.swift; sourceTree = "<group>"; };
		CCAFE2E32948728B00ADF66B /* PlaceholderView.swift */ = {isa = PBXFileReference; lastKnownFileType = sourcecode.swift; path = PlaceholderView.swift; sourceTree = "<group>"; };
		CCAFE2ED2948A83C00ADF66B /* NetworkService.swift */ = {isa = PBXFileReference; lastKnownFileType = sourcecode.swift; path = NetworkService.swift; sourceTree = "<group>"; };
		CCAFE2F32948C25C00ADF66B /* Models.swift */ = {isa = PBXFileReference; lastKnownFileType = sourcecode.swift; path = Models.swift; sourceTree = "<group>"; };
		CCAFE2F92948C39900ADF66B /* DecodingService.swift */ = {isa = PBXFileReference; lastKnownFileType = sourcecode.swift; path = DecodingService.swift; sourceTree = "<group>"; };
		CCAFE3022948C45200ADF66B /* FlickrRoute.swift */ = {isa = PBXFileReference; lastKnownFileType = sourcecode.swift; path = FlickrRoute.swift; sourceTree = "<group>"; };
		CCAFE30D2948CEB500ADF66B /* RouteType.swift */ = {isa = PBXFileReference; lastKnownFileType = sourcecode.swift; path = RouteType.swift; sourceTree = "<group>"; };
		CCAFE3162948DB4400ADF66B /* NetworkError.swift */ = {isa = PBXFileReference; lastKnownFileType = sourcecode.swift; path = NetworkError.swift; sourceTree = "<group>"; };
		CCAFE31F2948DE8E00ADF66B /* PhotoSize.swift */ = {isa = PBXFileReference; lastKnownFileType = sourcecode.swift; path = PhotoSize.swift; sourceTree = "<group>"; };
		CCAFE32D2948E5BF00ADF66B /* SearchModel.swift */ = {isa = PBXFileReference; lastKnownFileType = sourcecode.swift; path = SearchModel.swift; sourceTree = "<group>"; };
		CCAFE3352948E6C300ADF66B /* SearchInteractor.swift */ = {isa = PBXFileReference; lastKnownFileType = sourcecode.swift; path = SearchInteractor.swift; sourceTree = "<group>"; };
		CCAFE33A2948E9B700ADF66B /* SearchPresenter.swift */ = {isa = PBXFileReference; lastKnownFileType = sourcecode.swift; path = SearchPresenter.swift; sourceTree = "<group>"; };
		CCAFE3412948F8AB00ADF66B /* PhotoCell.swift */ = {isa = PBXFileReference; lastKnownFileType = sourcecode.swift; path = PhotoCell.swift; sourceTree = "<group>"; };
		CCAFE3492949240F00ADF66B /* PhotoModel.swift */ = {isa = PBXFileReference; lastKnownFileType = sourcecode.swift; path = PhotoModel.swift; sourceTree = "<group>"; };
		CCAFE3512949254C00ADF66B /* PhotoInteractor.swift */ = {isa = PBXFileReference; lastKnownFileType = sourcecode.swift; path = PhotoInteractor.swift; sourceTree = "<group>"; };
		CCAFE3562949256300ADF66B /* PhotoPresenter.swift */ = {isa = PBXFileReference; lastKnownFileType = sourcecode.swift; path = PhotoPresenter.swift; sourceTree = "<group>"; };
/* End PBXFileReference section */

/* Begin PBXFrameworksBuildPhase section */
		CCAFE2862948633C00ADF66B /* Frameworks */ = {
			isa = PBXFrameworksBuildPhase;
			buildActionMask = 2147483647;
			files = (
			);
			runOnlyForDeploymentPostprocessing = 0;
		};
		CCAFE29C2948633D00ADF66B /* Frameworks */ = {
			isa = PBXFrameworksBuildPhase;
			buildActionMask = 2147483647;
			files = (
			);
			runOnlyForDeploymentPostprocessing = 0;
		};
		CCAFE2A72948633D00ADF66B /* Frameworks */ = {
			isa = PBXFrameworksBuildPhase;
			buildActionMask = 2147483647;
			files = (
			);
			runOnlyForDeploymentPostprocessing = 0;
		};
/* End PBXFrameworksBuildPhase section */

/* Begin PBXGroup section */
		CCAA23EC2949C9AC0044B03D /* PhotoDetailScene */ = {
			isa = PBXGroup;
			children = (
				CCAA23F32949CBF80044B03D /* Model */,
				CCAA23FD2949CEAD0044B03D /* Presenter */,
				CCAA23FC2949CEA80044B03D /* Interactor */,
				CCAA23ED2949C9B40044B03D /* ViewController */,
			);
			path = PhotoDetailScene;
			sourceTree = "<group>";
		};
		CCAA23ED2949C9B40044B03D /* ViewController */ = {
			isa = PBXGroup;
			children = (
				CCAA23EE2949C9CB0044B03D /* PhotoDetailViewController.swift */,
			);
			path = ViewController;
			sourceTree = "<group>";
		};
		CCAA23F32949CBF80044B03D /* Model */ = {
			isa = PBXGroup;
			children = (
				CCAA23F42949CD760044B03D /* PhotoDetailModel.swift */,
			);
			path = Model;
			sourceTree = "<group>";
		};
		CCAA23FC2949CEA80044B03D /* Interactor */ = {
			isa = PBXGroup;
			children = (
				CCAA23FE2949CEC60044B03D /* PhotoDetailInteractor.swift */,
			);
			path = Interactor;
			sourceTree = "<group>";
		};
		CCAA23FD2949CEAD0044B03D /* Presenter */ = {
			isa = PBXGroup;
			children = (
				CCAA24032949CECE0044B03D /* PhotoDetailPresenter.swift */,
			);
			path = Presenter;
			sourceTree = "<group>";
		};
		CCAA24082949D4C60044B03D /* Router */ = {
			isa = PBXGroup;
			children = (
				CCAA24092949D5100044B03D /* SearchRouter.swift */,
			);
			path = Router;
			sourceTree = "<group>";
		};
		CCAC27F9294A334A00245F83 /* DataSource */ = {
			isa = PBXGroup;
			children = (
				CCAC27FA294A336500245F83 /* SearchDataSource.swift */,
			);
			path = DataSource;
			sourceTree = "<group>";
		};
		CCAFE2802948633C00ADF66B = {
			isa = PBXGroup;
			children = (
				CCAFE28B2948633C00ADF66B /* ImageSearchApp */,
				CCAFE2A22948633D00ADF66B /* ImageSearchAppTests */,
				CCAFE2AD2948633D00ADF66B /* ImageSearchAppUITests */,
				CCAFE28A2948633C00ADF66B /* Products */,
			);
			sourceTree = "<group>";
		};
		CCAFE28A2948633C00ADF66B /* Products */ = {
			isa = PBXGroup;
			children = (
				CCAFE2892948633C00ADF66B /* ImageSearchApp.app */,
				CCAFE29F2948633D00ADF66B /* ImageSearchAppTests.xctest */,
				CCAFE2AA2948633D00ADF66B /* ImageSearchAppUITests.xctest */,
			);
			name = Products;
			sourceTree = "<group>";
		};
		CCAFE28B2948633C00ADF66B /* ImageSearchApp */ = {
			isa = PBXGroup;
			children = (
				CCAFE28C2948633C00ADF66B /* AppDelegate.swift */,
				CCAFE28E2948633C00ADF66B /* SceneDelegate.swift */,
				CCAFE2C5294863F000ADF66B /* Assembly */,
				CCAFE2EB294895CE00ADF66B /* Services */,
				CCAFE2D12948647400ADF66B /* Scenes */,
				CCAFE2E12948727800ADF66B /* Helpers */,
				CCAFE2DD294864E700ADF66B /* Resources */,
			);
			path = ImageSearchApp;
			sourceTree = "<group>";
		};
		CCAFE2A22948633D00ADF66B /* ImageSearchAppTests */ = {
			isa = PBXGroup;
			children = (
				CCAFE2A32948633D00ADF66B /* ImageSearchAppTests.swift */,
				CCAFE2A52948633D00ADF66B /* Info.plist */,
			);
			path = ImageSearchAppTests;
			sourceTree = "<group>";
		};
		CCAFE2AD2948633D00ADF66B /* ImageSearchAppUITests */ = {
			isa = PBXGroup;
			children = (
				CCAFE2AE2948633D00ADF66B /* ImageSearchAppUITests.swift */,
				CCAFE2B02948633D00ADF66B /* Info.plist */,
			);
			path = ImageSearchAppUITests;
			sourceTree = "<group>";
		};
		CCAFE2C5294863F000ADF66B /* Assembly */ = {
			isa = PBXGroup;
			children = (
				CCAFE2C6294863FF00ADF66B /* Assembly.swift */,
			);
			path = Assembly;
			sourceTree = "<group>";
		};
		CCAFE2D12948647400ADF66B /* Scenes */ = {
			isa = PBXGroup;
			children = (
				CCAA23EC2949C9AC0044B03D /* PhotoDetailScene */,
				CCAFE33F2948F88500ADF66B /* PhotoScene */,
				CCAFE2D52948648300ADF66B /* SearchScene */,
			);
			path = Scenes;
			sourceTree = "<group>";
		};
		CCAFE2D52948648300ADF66B /* SearchScene */ = {
			isa = PBXGroup;
			children = (
				CCAFE32A2948E4FD00ADF66B /* Model */,
				CCAA24082949D4C60044B03D /* Router */,
				CCAFE32C2948E50800ADF66B /* Presenter */,
				CCAFE32B2948E50000ADF66B /* Interactor */,
				CCAC27F9294A334A00245F83 /* DataSource */,
				CCAFE2D92948648B00ADF66B /* ViewController */,
			);
			path = SearchScene;
			sourceTree = "<group>";
		};
		CCAFE2D92948648B00ADF66B /* ViewController */ = {
			isa = PBXGroup;
			children = (
				CCAFE2902948633C00ADF66B /* SearchViewController.swift */,
			);
			path = ViewController;
			sourceTree = "<group>";
		};
		CCAFE2DD294864E700ADF66B /* Resources */ = {
			isa = PBXGroup;
			children = (
				CCAFE2952948633D00ADF66B /* Assets.xcassets */,
				CCAFE2972948633D00ADF66B /* LaunchScreen.storyboard */,
				CCAFE29A2948633D00ADF66B /* Info.plist */,
			);
			path = Resources;
			sourceTree = "<group>";
		};
		CCAFE2E12948727800ADF66B /* Helpers */ = {
			isa = PBXGroup;
			children = (
				CCAFE31E2948DE8300ADF66B /* Enums */,
				CCAFE2E22948727D00ADF66B /* Views */,
			);
			path = Helpers;
			sourceTree = "<group>";
		};
		CCAFE2E22948727D00ADF66B /* Views */ = {
			isa = PBXGroup;
			children = (
				CCAFE2E32948728B00ADF66B /* PlaceholderView.swift */,
				CCAC280A294A5CE800245F83 /* LoadingFooter.swift */,
			);
			path = Views;
			sourceTree = "<group>";
		};
		CCAFE2EB294895CE00ADF66B /* Services */ = {
			isa = PBXGroup;
			children = (
				CCAFE2F82948C38500ADF66B /* Decoding */,
				CCAFE2EC294895E900ADF66B /* Network */,
			);
			path = Services;
			sourceTree = "<group>";
		};
		CCAFE2EC294895E900ADF66B /* Network */ = {
			isa = PBXGroup;
			children = (
				CCAFE3152948DB3700ADF66B /* Errors */,
				CCAFE3012948C43B00ADF66B /* Routes */,
				CCAFE2F22948C24100ADF66B /* Models */,
				CCAFE2ED2948A83C00ADF66B /* NetworkService.swift */,
			);
			path = Network;
			sourceTree = "<group>";
		};
		CCAFE2F22948C24100ADF66B /* Models */ = {
			isa = PBXGroup;
			children = (
				CCAFE2F32948C25C00ADF66B /* Models.swift */,
			);
			path = Models;
			sourceTree = "<group>";
		};
		CCAFE2F82948C38500ADF66B /* Decoding */ = {
			isa = PBXGroup;
			children = (
				CCAFE2F92948C39900ADF66B /* DecodingService.swift */,
			);
			path = Decoding;
			sourceTree = "<group>";
		};
		CCAFE3012948C43B00ADF66B /* Routes */ = {
			isa = PBXGroup;
			children = (
				CCAFE30D2948CEB500ADF66B /* RouteType.swift */,
				CCAFE3022948C45200ADF66B /* FlickrRoute.swift */,
			);
			path = Routes;
			sourceTree = "<group>";
		};
		CCAFE3152948DB3700ADF66B /* Errors */ = {
			isa = PBXGroup;
			children = (
				CCAFE3162948DB4400ADF66B /* NetworkError.swift */,
				CCAC2805294A410F00245F83 /* DataError.swift */,
			);
			path = Errors;
			sourceTree = "<group>";
		};
		CCAFE31E2948DE8300ADF66B /* Enums */ = {
			isa = PBXGroup;
			children = (
				CCAFE31F2948DE8E00ADF66B /* PhotoSize.swift */,
			);
			path = Enums;
			sourceTree = "<group>";
		};
		CCAFE32A2948E4FD00ADF66B /* Model */ = {
			isa = PBXGroup;
			children = (
				CCAFE32D2948E5BF00ADF66B /* SearchModel.swift */,
			);
			path = Model;
			sourceTree = "<group>";
		};
		CCAFE32B2948E50000ADF66B /* Interactor */ = {
			isa = PBXGroup;
			children = (
				CCAFE3352948E6C300ADF66B /* SearchInteractor.swift */,
			);
			path = Interactor;
			sourceTree = "<group>";
		};
		CCAFE32C2948E50800ADF66B /* Presenter */ = {
			isa = PBXGroup;
			children = (
				CCAFE33A2948E9B700ADF66B /* SearchPresenter.swift */,
			);
			path = Presenter;
			sourceTree = "<group>";
		};
		CCAFE33F2948F88500ADF66B /* PhotoScene */ = {
			isa = PBXGroup;
			children = (
				CCAFE348294923F200ADF66B /* Model */,
				CCAFE347294923ED00ADF66B /* Presenter */,
				CCAFE346294923E600ADF66B /* Interactor */,
				CCAFE3402948F89600ADF66B /* Cell */,
			);
			path = PhotoScene;
			sourceTree = "<group>";
		};
		CCAFE3402948F89600ADF66B /* Cell */ = {
			isa = PBXGroup;
			children = (
				CCAFE3412948F8AB00ADF66B /* PhotoCell.swift */,
			);
			path = Cell;
			sourceTree = "<group>";
		};
		CCAFE346294923E600ADF66B /* Interactor */ = {
			isa = PBXGroup;
			children = (
				CCAFE3512949254C00ADF66B /* PhotoInteractor.swift */,
			);
			path = Interactor;
			sourceTree = "<group>";
		};
		CCAFE347294923ED00ADF66B /* Presenter */ = {
			isa = PBXGroup;
			children = (
				CCAFE3562949256300ADF66B /* PhotoPresenter.swift */,
			);
			path = Presenter;
			sourceTree = "<group>";
		};
		CCAFE348294923F200ADF66B /* Model */ = {
			isa = PBXGroup;
			children = (
				CCAFE3492949240F00ADF66B /* PhotoModel.swift */,
			);
			path = Model;
			sourceTree = "<group>";
		};
/* End PBXGroup section */

/* Begin PBXNativeTarget section */
		CCAFE2882948633C00ADF66B /* ImageSearchApp */ = {
			isa = PBXNativeTarget;
			buildConfigurationList = CCAFE2B32948633D00ADF66B /* Build configuration list for PBXNativeTarget "ImageSearchApp" */;
			buildPhases = (
				CCAFE2852948633C00ADF66B /* Sources */,
				CCAFE2862948633C00ADF66B /* Frameworks */,
				CCAFE2872948633C00ADF66B /* Resources */,
			);
			buildRules = (
			);
			dependencies = (
			);
			name = ImageSearchApp;
			productName = ImageSearchApp;
			productReference = CCAFE2892948633C00ADF66B /* ImageSearchApp.app */;
			productType = "com.apple.product-type.application";
		};
		CCAFE29E2948633D00ADF66B /* ImageSearchAppTests */ = {
			isa = PBXNativeTarget;
			buildConfigurationList = CCAFE2B62948633D00ADF66B /* Build configuration list for PBXNativeTarget "ImageSearchAppTests" */;
			buildPhases = (
				CCAFE29B2948633D00ADF66B /* Sources */,
				CCAFE29C2948633D00ADF66B /* Frameworks */,
				CCAFE29D2948633D00ADF66B /* Resources */,
			);
			buildRules = (
			);
			dependencies = (
				CCAFE2A12948633D00ADF66B /* PBXTargetDependency */,
			);
			name = ImageSearchAppTests;
			productName = ImageSearchAppTests;
			productReference = CCAFE29F2948633D00ADF66B /* ImageSearchAppTests.xctest */;
			productType = "com.apple.product-type.bundle.unit-test";
		};
		CCAFE2A92948633D00ADF66B /* ImageSearchAppUITests */ = {
			isa = PBXNativeTarget;
			buildConfigurationList = CCAFE2B92948633D00ADF66B /* Build configuration list for PBXNativeTarget "ImageSearchAppUITests" */;
			buildPhases = (
				CCAFE2A62948633D00ADF66B /* Sources */,
				CCAFE2A72948633D00ADF66B /* Frameworks */,
				CCAFE2A82948633D00ADF66B /* Resources */,
			);
			buildRules = (
			);
			dependencies = (
				CCAFE2AC2948633D00ADF66B /* PBXTargetDependency */,
			);
			name = ImageSearchAppUITests;
			productName = ImageSearchAppUITests;
			productReference = CCAFE2AA2948633D00ADF66B /* ImageSearchAppUITests.xctest */;
			productType = "com.apple.product-type.bundle.ui-testing";
		};
/* End PBXNativeTarget section */

/* Begin PBXProject section */
		CCAFE2812948633C00ADF66B /* Project object */ = {
			isa = PBXProject;
			attributes = {
				LastSwiftUpdateCheck = 1210;
				LastUpgradeCheck = 1210;
				TargetAttributes = {
					CCAFE2882948633C00ADF66B = {
						CreatedOnToolsVersion = 12.1;
					};
					CCAFE29E2948633D00ADF66B = {
						CreatedOnToolsVersion = 12.1;
						TestTargetID = CCAFE2882948633C00ADF66B;
					};
					CCAFE2A92948633D00ADF66B = {
						CreatedOnToolsVersion = 12.1;
						TestTargetID = CCAFE2882948633C00ADF66B;
					};
				};
			};
			buildConfigurationList = CCAFE2842948633C00ADF66B /* Build configuration list for PBXProject "ImageSearchApp" */;
			compatibilityVersion = "Xcode 9.3";
			developmentRegion = en;
			hasScannedForEncodings = 0;
			knownRegions = (
				en,
				Base,
			);
			mainGroup = CCAFE2802948633C00ADF66B;
			productRefGroup = CCAFE28A2948633C00ADF66B /* Products */;
			projectDirPath = "";
			projectRoot = "";
			targets = (
				CCAFE2882948633C00ADF66B /* ImageSearchApp */,
				CCAFE29E2948633D00ADF66B /* ImageSearchAppTests */,
				CCAFE2A92948633D00ADF66B /* ImageSearchAppUITests */,
			);
		};
/* End PBXProject section */

/* Begin PBXResourcesBuildPhase section */
		CCAFE2872948633C00ADF66B /* Resources */ = {
			isa = PBXResourcesBuildPhase;
			buildActionMask = 2147483647;
			files = (
				CCAFE2992948633D00ADF66B /* LaunchScreen.storyboard in Resources */,
				CCAFE2962948633D00ADF66B /* Assets.xcassets in Resources */,
			);
			runOnlyForDeploymentPostprocessing = 0;
		};
		CCAFE29D2948633D00ADF66B /* Resources */ = {
			isa = PBXResourcesBuildPhase;
			buildActionMask = 2147483647;
			files = (
			);
			runOnlyForDeploymentPostprocessing = 0;
		};
		CCAFE2A82948633D00ADF66B /* Resources */ = {
			isa = PBXResourcesBuildPhase;
			buildActionMask = 2147483647;
			files = (
			);
			runOnlyForDeploymentPostprocessing = 0;
		};
/* End PBXResourcesBuildPhase section */

/* Begin PBXSourcesBuildPhase section */
		CCAFE2852948633C00ADF66B /* Sources */ = {
			isa = PBXSourcesBuildPhase;
			buildActionMask = 2147483647;
			files = (
				CCAFE32E2948E5BF00ADF66B /* SearchModel.swift in Sources */,
				CCAFE2912948633C00ADF66B /* SearchViewController.swift in Sources */,
				CCAFE3572949256300ADF66B /* PhotoPresenter.swift in Sources */,
				CCAFE33B2948E9B700ADF66B /* SearchPresenter.swift in Sources */,
				CCAFE2C7294863FF00ADF66B /* Assembly.swift in Sources */,
				CCAFE3422948F8AB00ADF66B /* PhotoCell.swift in Sources */,
				CCAFE28D2948633C00ADF66B /* AppDelegate.swift in Sources */,
				CCAFE3032948C45200ADF66B /* FlickrRoute.swift in Sources */,
				CCAFE3522949254C00ADF66B /* PhotoInteractor.swift in Sources */,
				CCAFE3202948DE8E00ADF66B /* PhotoSize.swift in Sources */,
				CCAFE3362948E6C300ADF66B /* SearchInteractor.swift in Sources */,
				CCAC27FB294A336500245F83 /* SearchDataSource.swift in Sources */,
				CCAA23F52949CD760044B03D /* PhotoDetailModel.swift in Sources */,
				CCAA240A2949D5100044B03D /* SearchRouter.swift in Sources */,
				CCAFE2E42948728B00ADF66B /* PlaceholderView.swift in Sources */,
				CCAFE2EE2948A83C00ADF66B /* NetworkService.swift in Sources */,
				CCAFE28F2948633C00ADF66B /* SceneDelegate.swift in Sources */,
				CCAFE3172948DB4400ADF66B /* NetworkError.swift in Sources */,
				CCAFE34A2949240F00ADF66B /* PhotoModel.swift in Sources */,
				CCAC280B294A5CE800245F83 /* LoadingFooter.swift in Sources */,
				CCAFE30E2948CEB500ADF66B /* RouteType.swift in Sources */,
				CCAA23FF2949CEC60044B03D /* PhotoDetailInteractor.swift in Sources */,
				CCAA24042949CECE0044B03D /* PhotoDetailPresenter.swift in Sources */,
				CCAFE2FA2948C39900ADF66B /* DecodingService.swift in Sources */,
				CCAA23EF2949C9CB0044B03D /* PhotoDetailViewController.swift in Sources */,
				CCAC2806294A410F00245F83 /* DataError.swift in Sources */,
				CCAFE2F42948C25C00ADF66B /* Models.swift in Sources */,
			);
			runOnlyForDeploymentPostprocessing = 0;
		};
		CCAFE29B2948633D00ADF66B /* Sources */ = {
			isa = PBXSourcesBuildPhase;
			buildActionMask = 2147483647;
			files = (
				CCAFE2A42948633D00ADF66B /* ImageSearchAppTests.swift in Sources */,
			);
			runOnlyForDeploymentPostprocessing = 0;
		};
		CCAFE2A62948633D00ADF66B /* Sources */ = {
			isa = PBXSourcesBuildPhase;
			buildActionMask = 2147483647;
			files = (
				CCAFE2AF2948633D00ADF66B /* ImageSearchAppUITests.swift in Sources */,
			);
			runOnlyForDeploymentPostprocessing = 0;
		};
/* End PBXSourcesBuildPhase section */

/* Begin PBXTargetDependency section */
		CCAFE2A12948633D00ADF66B /* PBXTargetDependency */ = {
			isa = PBXTargetDependency;
			target = CCAFE2882948633C00ADF66B /* ImageSearchApp */;
			targetProxy = CCAFE2A02948633D00ADF66B /* PBXContainerItemProxy */;
		};
		CCAFE2AC2948633D00ADF66B /* PBXTargetDependency */ = {
			isa = PBXTargetDependency;
			target = CCAFE2882948633C00ADF66B /* ImageSearchApp */;
			targetProxy = CCAFE2AB2948633D00ADF66B /* PBXContainerItemProxy */;
		};
/* End PBXTargetDependency section */

/* Begin PBXVariantGroup section */
		CCAFE2972948633D00ADF66B /* LaunchScreen.storyboard */ = {
			isa = PBXVariantGroup;
			children = (
				CCAFE2982948633D00ADF66B /* Base */,
			);
			name = LaunchScreen.storyboard;
			sourceTree = "<group>";
		};
/* End PBXVariantGroup section */

/* Begin XCBuildConfiguration section */
		CCAFE2B12948633D00ADF66B /* Debug */ = {
			isa = XCBuildConfiguration;
			buildSettings = {
				ALWAYS_SEARCH_USER_PATHS = NO;
				CLANG_ANALYZER_NONNULL = YES;
				CLANG_ANALYZER_NUMBER_OBJECT_CONVERSION = YES_AGGRESSIVE;
				CLANG_CXX_LANGUAGE_STANDARD = "gnu++14";
				CLANG_CXX_LIBRARY = "libc++";
				CLANG_ENABLE_MODULES = YES;
				CLANG_ENABLE_OBJC_ARC = YES;
				CLANG_ENABLE_OBJC_WEAK = YES;
				CLANG_WARN_BLOCK_CAPTURE_AUTORELEASING = YES;
				CLANG_WARN_BOOL_CONVERSION = YES;
				CLANG_WARN_COMMA = YES;
				CLANG_WARN_CONSTANT_CONVERSION = YES;
				CLANG_WARN_DEPRECATED_OBJC_IMPLEMENTATIONS = YES;
				CLANG_WARN_DIRECT_OBJC_ISA_USAGE = YES_ERROR;
				CLANG_WARN_DOCUMENTATION_COMMENTS = YES;
				CLANG_WARN_EMPTY_BODY = YES;
				CLANG_WARN_ENUM_CONVERSION = YES;
				CLANG_WARN_INFINITE_RECURSION = YES;
				CLANG_WARN_INT_CONVERSION = YES;
				CLANG_WARN_NON_LITERAL_NULL_CONVERSION = YES;
				CLANG_WARN_OBJC_IMPLICIT_RETAIN_SELF = YES;
				CLANG_WARN_OBJC_LITERAL_CONVERSION = YES;
				CLANG_WARN_OBJC_ROOT_CLASS = YES_ERROR;
				CLANG_WARN_QUOTED_INCLUDE_IN_FRAMEWORK_HEADER = YES;
				CLANG_WARN_RANGE_LOOP_ANALYSIS = YES;
				CLANG_WARN_STRICT_PROTOTYPES = YES;
				CLANG_WARN_SUSPICIOUS_MOVE = YES;
				CLANG_WARN_UNGUARDED_AVAILABILITY = YES_AGGRESSIVE;
				CLANG_WARN_UNREACHABLE_CODE = YES;
				CLANG_WARN__DUPLICATE_METHOD_MATCH = YES;
				COPY_PHASE_STRIP = NO;
				DEBUG_INFORMATION_FORMAT = dwarf;
				ENABLE_STRICT_OBJC_MSGSEND = YES;
				ENABLE_TESTABILITY = YES;
				GCC_C_LANGUAGE_STANDARD = gnu11;
				GCC_DYNAMIC_NO_PIC = NO;
				GCC_NO_COMMON_BLOCKS = YES;
				GCC_OPTIMIZATION_LEVEL = 0;
				GCC_PREPROCESSOR_DEFINITIONS = (
					"DEBUG=1",
					"$(inherited)",
				);
				GCC_WARN_64_TO_32_BIT_CONVERSION = YES;
				GCC_WARN_ABOUT_RETURN_TYPE = YES_ERROR;
				GCC_WARN_UNDECLARED_SELECTOR = YES;
				GCC_WARN_UNINITIALIZED_AUTOS = YES_AGGRESSIVE;
				GCC_WARN_UNUSED_FUNCTION = YES;
				GCC_WARN_UNUSED_VARIABLE = YES;
				IPHONEOS_DEPLOYMENT_TARGET = 14.1;
				MTL_ENABLE_DEBUG_INFO = INCLUDE_SOURCE;
				MTL_FAST_MATH = YES;
				ONLY_ACTIVE_ARCH = YES;
				SDKROOT = iphoneos;
				SWIFT_ACTIVE_COMPILATION_CONDITIONS = DEBUG;
				SWIFT_OPTIMIZATION_LEVEL = "-Onone";
			};
			name = Debug;
		};
		CCAFE2B22948633D00ADF66B /* Release */ = {
			isa = XCBuildConfiguration;
			buildSettings = {
				ALWAYS_SEARCH_USER_PATHS = NO;
				CLANG_ANALYZER_NONNULL = YES;
				CLANG_ANALYZER_NUMBER_OBJECT_CONVERSION = YES_AGGRESSIVE;
				CLANG_CXX_LANGUAGE_STANDARD = "gnu++14";
				CLANG_CXX_LIBRARY = "libc++";
				CLANG_ENABLE_MODULES = YES;
				CLANG_ENABLE_OBJC_ARC = YES;
				CLANG_ENABLE_OBJC_WEAK = YES;
				CLANG_WARN_BLOCK_CAPTURE_AUTORELEASING = YES;
				CLANG_WARN_BOOL_CONVERSION = YES;
				CLANG_WARN_COMMA = YES;
				CLANG_WARN_CONSTANT_CONVERSION = YES;
				CLANG_WARN_DEPRECATED_OBJC_IMPLEMENTATIONS = YES;
				CLANG_WARN_DIRECT_OBJC_ISA_USAGE = YES_ERROR;
				CLANG_WARN_DOCUMENTATION_COMMENTS = YES;
				CLANG_WARN_EMPTY_BODY = YES;
				CLANG_WARN_ENUM_CONVERSION = YES;
				CLANG_WARN_INFINITE_RECURSION = YES;
				CLANG_WARN_INT_CONVERSION = YES;
				CLANG_WARN_NON_LITERAL_NULL_CONVERSION = YES;
				CLANG_WARN_OBJC_IMPLICIT_RETAIN_SELF = YES;
				CLANG_WARN_OBJC_LITERAL_CONVERSION = YES;
				CLANG_WARN_OBJC_ROOT_CLASS = YES_ERROR;
				CLANG_WARN_QUOTED_INCLUDE_IN_FRAMEWORK_HEADER = YES;
				CLANG_WARN_RANGE_LOOP_ANALYSIS = YES;
				CLANG_WARN_STRICT_PROTOTYPES = YES;
				CLANG_WARN_SUSPICIOUS_MOVE = YES;
				CLANG_WARN_UNGUARDED_AVAILABILITY = YES_AGGRESSIVE;
				CLANG_WARN_UNREACHABLE_CODE = YES;
				CLANG_WARN__DUPLICATE_METHOD_MATCH = YES;
				COPY_PHASE_STRIP = NO;
				DEBUG_INFORMATION_FORMAT = "dwarf-with-dsym";
				ENABLE_NS_ASSERTIONS = NO;
				ENABLE_STRICT_OBJC_MSGSEND = YES;
				GCC_C_LANGUAGE_STANDARD = gnu11;
				GCC_NO_COMMON_BLOCKS = YES;
				GCC_WARN_64_TO_32_BIT_CONVERSION = YES;
				GCC_WARN_ABOUT_RETURN_TYPE = YES_ERROR;
				GCC_WARN_UNDECLARED_SELECTOR = YES;
				GCC_WARN_UNINITIALIZED_AUTOS = YES_AGGRESSIVE;
				GCC_WARN_UNUSED_FUNCTION = YES;
				GCC_WARN_UNUSED_VARIABLE = YES;
				IPHONEOS_DEPLOYMENT_TARGET = 14.1;
				MTL_ENABLE_DEBUG_INFO = NO;
				MTL_FAST_MATH = YES;
				SDKROOT = iphoneos;
				SWIFT_COMPILATION_MODE = wholemodule;
				SWIFT_OPTIMIZATION_LEVEL = "-O";
				VALIDATE_PRODUCT = YES;
			};
			name = Release;
		};
		CCAFE2B42948633D00ADF66B /* Debug */ = {
			isa = XCBuildConfiguration;
			buildSettings = {
				ASSETCATALOG_COMPILER_APPICON_NAME = AppIcon;
				ASSETCATALOG_COMPILER_GLOBAL_ACCENT_COLOR_NAME = AccentColor;
				CODE_SIGN_STYLE = Automatic;
				INFOPLIST_FILE = ImageSearchApp/Resources/Info.plist;
				LD_RUNPATH_SEARCH_PATHS = (
					"$(inherited)",
					"@executable_path/Frameworks",
				);
				PRODUCT_BUNDLE_IDENTIFIER = com.rodionartyukhin.ImageSearchApp;
				PRODUCT_NAME = "$(TARGET_NAME)";
				SWIFT_VERSION = 5.0;
				TARGETED_DEVICE_FAMILY = "1,2";
			};
			name = Debug;
		};
		CCAFE2B52948633D00ADF66B /* Release */ = {
			isa = XCBuildConfiguration;
			buildSettings = {
				ASSETCATALOG_COMPILER_APPICON_NAME = AppIcon;
				ASSETCATALOG_COMPILER_GLOBAL_ACCENT_COLOR_NAME = AccentColor;
				CODE_SIGN_STYLE = Automatic;
				INFOPLIST_FILE = ImageSearchApp/Resources/Info.plist;
				LD_RUNPATH_SEARCH_PATHS = (
					"$(inherited)",
					"@executable_path/Frameworks",
				);
				PRODUCT_BUNDLE_IDENTIFIER = com.rodionartyukhin.ImageSearchApp;
				PRODUCT_NAME = "$(TARGET_NAME)";
				SWIFT_VERSION = 5.0;
				TARGETED_DEVICE_FAMILY = "1,2";
			};
			name = Release;
		};
		CCAFE2B72948633D00ADF66B /* Debug */ = {
			isa = XCBuildConfiguration;
			buildSettings = {
				ALWAYS_EMBED_SWIFT_STANDARD_LIBRARIES = YES;
				BUNDLE_LOADER = "$(TEST_HOST)";
				CODE_SIGN_STYLE = Automatic;
				INFOPLIST_FILE = ImageSearchAppTests/Info.plist;
				IPHONEOS_DEPLOYMENT_TARGET = 14.1;
				LD_RUNPATH_SEARCH_PATHS = (
					"$(inherited)",
					"@executable_path/Frameworks",
					"@loader_path/Frameworks",
				);
				PRODUCT_BUNDLE_IDENTIFIER = com.rodionartyukhin.ImageSearchAppTests;
				PRODUCT_NAME = "$(TARGET_NAME)";
				SWIFT_VERSION = 5.0;
				TARGETED_DEVICE_FAMILY = "1,2";
				TEST_HOST = "$(BUILT_PRODUCTS_DIR)/ImageSearchApp.app/ImageSearchApp";
			};
			name = Debug;
		};
		CCAFE2B82948633D00ADF66B /* Release */ = {
			isa = XCBuildConfiguration;
			buildSettings = {
				ALWAYS_EMBED_SWIFT_STANDARD_LIBRARIES = YES;
				BUNDLE_LOADER = "$(TEST_HOST)";
				CODE_SIGN_STYLE = Automatic;
				INFOPLIST_FILE = ImageSearchAppTests/Info.plist;
				IPHONEOS_DEPLOYMENT_TARGET = 14.1;
				LD_RUNPATH_SEARCH_PATHS = (
					"$(inherited)",
					"@executable_path/Frameworks",
					"@loader_path/Frameworks",
				);
				PRODUCT_BUNDLE_IDENTIFIER = com.rodionartyukhin.ImageSearchAppTests;
				PRODUCT_NAME = "$(TARGET_NAME)";
				SWIFT_VERSION = 5.0;
				TARGETED_DEVICE_FAMILY = "1,2";
				TEST_HOST = "$(BUILT_PRODUCTS_DIR)/ImageSearchApp.app/ImageSearchApp";
			};
			name = Release;
		};
		CCAFE2BA2948633D00ADF66B /* Debug */ = {
			isa = XCBuildConfiguration;
			buildSettings = {
				ALWAYS_EMBED_SWIFT_STANDARD_LIBRARIES = YES;
				CODE_SIGN_STYLE = Automatic;
				INFOPLIST_FILE = ImageSearchAppUITests/Info.plist;
				LD_RUNPATH_SEARCH_PATHS = (
					"$(inherited)",
					"@executable_path/Frameworks",
					"@loader_path/Frameworks",
				);
				PRODUCT_BUNDLE_IDENTIFIER = com.rodionartyukhin.ImageSearchAppUITests;
				PRODUCT_NAME = "$(TARGET_NAME)";
				SWIFT_VERSION = 5.0;
				TARGETED_DEVICE_FAMILY = "1,2";
				TEST_TARGET_NAME = ImageSearchApp;
			};
			name = Debug;
		};
		CCAFE2BB2948633D00ADF66B /* Release */ = {
			isa = XCBuildConfiguration;
			buildSettings = {
				ALWAYS_EMBED_SWIFT_STANDARD_LIBRARIES = YES;
				CODE_SIGN_STYLE = Automatic;
				INFOPLIST_FILE = ImageSearchAppUITests/Info.plist;
				LD_RUNPATH_SEARCH_PATHS = (
					"$(inherited)",
					"@executable_path/Frameworks",
					"@loader_path/Frameworks",
				);
				PRODUCT_BUNDLE_IDENTIFIER = com.rodionartyukhin.ImageSearchAppUITests;
				PRODUCT_NAME = "$(TARGET_NAME)";
				SWIFT_VERSION = 5.0;
				TARGETED_DEVICE_FAMILY = "1,2";
				TEST_TARGET_NAME = ImageSearchApp;
			};
			name = Release;
		};
/* End XCBuildConfiguration section */

/* Begin XCConfigurationList section */
		CCAFE2842948633C00ADF66B /* Build configuration list for PBXProject "ImageSearchApp" */ = {
			isa = XCConfigurationList;
			buildConfigurations = (
				CCAFE2B12948633D00ADF66B /* Debug */,
				CCAFE2B22948633D00ADF66B /* Release */,
			);
			defaultConfigurationIsVisible = 0;
			defaultConfigurationName = Release;
		};
		CCAFE2B32948633D00ADF66B /* Build configuration list for PBXNativeTarget "ImageSearchApp" */ = {
			isa = XCConfigurationList;
			buildConfigurations = (
				CCAFE2B42948633D00ADF66B /* Debug */,
				CCAFE2B52948633D00ADF66B /* Release */,
			);
			defaultConfigurationIsVisible = 0;
			defaultConfigurationName = Release;
		};
		CCAFE2B62948633D00ADF66B /* Build configuration list for PBXNativeTarget "ImageSearchAppTests" */ = {
			isa = XCConfigurationList;
			buildConfigurations = (
				CCAFE2B72948633D00ADF66B /* Debug */,
				CCAFE2B82948633D00ADF66B /* Release */,
			);
			defaultConfigurationIsVisible = 0;
			defaultConfigurationName = Release;
		};
		CCAFE2B92948633D00ADF66B /* Build configuration list for PBXNativeTarget "ImageSearchAppUITests" */ = {
			isa = XCConfigurationList;
			buildConfigurations = (
				CCAFE2BA2948633D00ADF66B /* Debug */,
				CCAFE2BB2948633D00ADF66B /* Release */,
			);
			defaultConfigurationIsVisible = 0;
			defaultConfigurationName = Release;
		};
/* End XCConfigurationList section */
	};
	rootObject = CCAFE2812948633C00ADF66B /* Project object */;
}
